
Microsoft Visual Studio Solution File, Format Version 12.00
# Visual Studio Version 17
VisualStudioVersion = 17.10.34825.169
MinimumVisualStudioVersion = 10.0.40219.1
Project("{9A19103F-16F7-4668-BE54-9A1E7A4F7556}") = "Server.Api.DesafioColorado", "Desafio_Colorado\Server.Api.DesafioColorado.csproj", "{068F8A33-A0D3-4393-841F-8F7A54078E16}"
EndProject
Project("{2150E333-8FDC-42A3-9474-1A3956D46DE8}") = "01-WebApi", "01-WebApi", "{1511AE6E-607A-4BED-985A-2E96E338E72E}"
EndProject
Project("{2150E333-8FDC-42A3-9474-1A3956D46DE8}") = "02-WebApp", "02-WebApp", "{1592EF8E-59E1-46FD-AFB2-8035E29190BE}"
EndProject
Project("{2150E333-8FDC-42A3-9474-1A3956D46DE8}") = "03-Business", "03-Business", "{2E888D8D-9C57-44EA-BF48-E37C578DBD3C}"
EndProject
Project("{2150E333-8FDC-42A3-9474-1A3956D46DE8}") = "04-DataAccess", "04-DataAccess", "{EE46EE16-C974-4E42-80E6-4212B8464329}"
EndProject
Project("{2150E333-8FDC-42A3-9474-1A3956D46DE8}") = "05-Entities", "05-Entities", "{59B49FC8-B5E6-44F4-A41E-F1C53BFFAE06}"
EndProject
Project("{2150E333-8FDC-42A3-9474-1A3956D46DE8}") = "01 - Server", "01 - Server", "{08A92D78-6764-4569-974D-4AADA525C7EE}"
EndProject
Project("{9A19103F-16F7-4668-BE54-9A1E7A4F7556}") = "Server.Entities.DesafioColorado", "Server.DesafioColorado\Server.Entities.DesafioColorado.csproj", "{2E52639B-5DA2-494A-8E94-376B99539223}"
EndProject
Project("{9A19103F-16F7-4668-BE54-9A1E7A4F7556}") = "Server.DataAcess.DesafioColorado", "Server.DataAcess\Server.DataAcess.DesafioColorado.csproj", "{DB6236B3-93E4-4A61-80E9-FB5AFB23CAB0}"
EndProject
Project("{9A19103F-16F7-4668-BE54-9A1E7A4F7556}") = "Server.Business.DesafioColorado", "Server.DesafioColorado.Business\Server.Business.DesafioColorado.csproj", "{0EC7A8D6-E743-466B-9E6A-55B88C018906}"
EndProject
Project("{2150E333-8FDC-42A3-9474-1A3956D46DE8}") = "06 - Common", "06 - Common", "{8DA576D8-2FEF-47D3-8592-2A0BA860B20D}"
EndProject
Project("{9A19103F-16F7-4668-BE54-9A1E7A4F7556}") = "Server.DesafioColorado.Common", "Server.DesafioColorado.Common\Server.DesafioColorado.Common.csproj", "{17EAF97F-17A8-407F-8B1C-B6502DE9E67A}"
EndProject
Project("{2150E333-8FDC-42A3-9474-1A3956D46DE8}") = "UnitTeste", "UnitTeste", "{0077D5F3-8F6C-44F0-8D98-A376741B676A}"
EndProject
Project("{9A19103F-16F7-4668-BE54-9A1E7A4F7556}") = "TestProject1", "TestProject1\TestProject1.csproj", "{7D21DDC2-AC98-47EB-8F4B-9DB38C29E06B}"
EndProject
Project("{9A19103F-16F7-4668-BE54-9A1E7A4F7556}") = "Server.Web.DesafioColocado", "WebApplication1\Server.Web.DesafioColocado.csproj", "{CD00CB9A-AB20-4921-B2DE-598D3C3A3F3E}"
EndProject
Project("{2150E333-8FDC-42A3-9474-1A3956D46DE8}") = "02 - Setups", "02 - Setups", "{21311AE5-8A93-4E21-B799-128301C2763F}"
EndProject
Global
	GlobalSection(SolutionConfigurationPlatforms) = preSolution
		Debug|Any CPU = Debug|Any CPU
		Release|Any CPU = Release|Any CPU
	EndGlobalSection
	GlobalSection(ProjectConfigurationPlatforms) = postSolution
		{068F8A33-A0D3-4393-841F-8F7A54078E16}.Debug|Any CPU.ActiveCfg = Debug|Any CPU
		{068F8A33-A0D3-4393-841F-8F7A54078E16}.Debug|Any CPU.Build.0 = Debug|Any CPU
		{068F8A33-A0D3-4393-841F-8F7A54078E16}.Release|Any CPU.ActiveCfg = Release|Any CPU
		{068F8A33-A0D3-4393-841F-8F7A54078E16}.Release|Any CPU.Build.0 = Release|Any CPU
		{2E52639B-5DA2-494A-8E94-376B99539223}.Debug|Any CPU.ActiveCfg = Debug|Any CPU
		{2E52639B-5DA2-494A-8E94-376B99539223}.Debug|Any CPU.Build.0 = Debug|Any CPU
		{2E52639B-5DA2-494A-8E94-376B99539223}.Release|Any CPU.ActiveCfg = Release|Any CPU
		{2E52639B-5DA2-494A-8E94-376B99539223}.Release|Any CPU.Build.0 = Release|Any CPU
		{DB6236B3-93E4-4A61-80E9-FB5AFB23CAB0}.Debug|Any CPU.ActiveCfg = Debug|Any CPU
		{DB6236B3-93E4-4A61-80E9-FB5AFB23CAB0}.Debug|Any CPU.Build.0 = Debug|Any CPU
		{DB6236B3-93E4-4A61-80E9-FB5AFB23CAB0}.Release|Any CPU.ActiveCfg = Release|Any CPU
		{DB6236B3-93E4-4A61-80E9-FB5AFB23CAB0}.Release|Any CPU.Build.0 = Release|Any CPU
		{0EC7A8D6-E743-466B-9E6A-55B88C018906}.Debug|Any CPU.ActiveCfg = Debug|Any CPU
		{0EC7A8D6-E743-466B-9E6A-55B88C018906}.Debug|Any CPU.Build.0 = Debug|Any CPU
		{0EC7A8D6-E743-466B-9E6A-55B88C018906}.Release|Any CPU.ActiveCfg = Release|Any CPU
		{0EC7A8D6-E743-466B-9E6A-55B88C018906}.Release|Any CPU.Build.0 = Release|Any CPU
		{17EAF97F-17A8-407F-8B1C-B6502DE9E67A}.Debug|Any CPU.ActiveCfg = Debug|Any CPU
		{17EAF97F-17A8-407F-8B1C-B6502DE9E67A}.Debug|Any CPU.Build.0 = Debug|Any CPU
		{17EAF97F-17A8-407F-8B1C-B6502DE9E67A}.Release|Any CPU.ActiveCfg = Release|Any CPU
		{17EAF97F-17A8-407F-8B1C-B6502DE9E67A}.Release|Any CPU.Build.0 = Release|Any CPU
		{7D21DDC2-AC98-47EB-8F4B-9DB38C29E06B}.Debug|Any CPU.ActiveCfg = Debug|Any CPU
		{7D21DDC2-AC98-47EB-8F4B-9DB38C29E06B}.Debug|Any CPU.Build.0 = Debug|Any CPU
		{7D21DDC2-AC98-47EB-8F4B-9DB38C29E06B}.Release|Any CPU.ActiveCfg = Release|Any CPU
		{7D21DDC2-AC98-47EB-8F4B-9DB38C29E06B}.Release|Any CPU.Build.0 = Release|Any CPU
		{CD00CB9A-AB20-4921-B2DE-598D3C3A3F3E}.Debug|Any CPU.ActiveCfg = Debug|Any CPU
		{CD00CB9A-AB20-4921-B2DE-598D3C3A3F3E}.Debug|Any CPU.Build.0 = Debug|Any CPU
		{CD00CB9A-AB20-4921-B2DE-598D3C3A3F3E}.Release|Any CPU.ActiveCfg = Release|Any CPU
		{CD00CB9A-AB20-4921-B2DE-598D3C3A3F3E}.Release|Any CPU.Build.0 = Release|Any CPU
	EndGlobalSection
	GlobalSection(SolutionProperties) = preSolution
		HideSolutionNode = FALSE
	EndGlobalSection
	GlobalSection(NestedProjects) = preSolution
		{068F8A33-A0D3-4393-841F-8F7A54078E16} = {1511AE6E-607A-4BED-985A-2E96E338E72E}
		{1511AE6E-607A-4BED-985A-2E96E338E72E} = {08A92D78-6764-4569-974D-4AADA525C7EE}
		{1592EF8E-59E1-46FD-AFB2-8035E29190BE} = {08A92D78-6764-4569-974D-4AADA525C7EE}
		{2E888D8D-9C57-44EA-BF48-E37C578DBD3C} = {08A92D78-6764-4569-974D-4AADA525C7EE}
		{EE46EE16-C974-4E42-80E6-4212B8464329} = {08A92D78-6764-4569-974D-4AADA525C7EE}
		{59B49FC8-B5E6-44F4-A41E-F1C53BFFAE06} = {08A92D78-6764-4569-974D-4AADA525C7EE}
		{2E52639B-5DA2-494A-8E94-376B99539223} = {59B49FC8-B5E6-44F4-A41E-F1C53BFFAE06}
		{DB6236B3-93E4-4A61-80E9-FB5AFB23CAB0} = {EE46EE16-C974-4E42-80E6-4212B8464329}
		{0EC7A8D6-E743-466B-9E6A-55B88C018906} = {2E888D8D-9C57-44EA-BF48-E37C578DBD3C}
		{8DA576D8-2FEF-47D3-8592-2A0BA860B20D} = {08A92D78-6764-4569-974D-4AADA525C7EE}
		{17EAF97F-17A8-407F-8B1C-B6502DE9E67A} = {8DA576D8-2FEF-47D3-8592-2A0BA860B20D}
		{7D21DDC2-AC98-47EB-8F4B-9DB38C29E06B} = {0077D5F3-8F6C-44F0-8D98-A376741B676A}
		{CD00CB9A-AB20-4921-B2DE-598D3C3A3F3E} = {1592EF8E-59E1-46FD-AFB2-8035E29190BE}
	EndGlobalSection
	GlobalSection(ExtensibilityGlobals) = postSolution
		SolutionGuid = {001D93EB-15E5-419B-8AD7-C5F04544E61B}
	EndGlobalSection
EndGlobal
